
Microsoft Visual Studio Solution File, Format Version 12.00
# Visual Studio 15
VisualStudioVersion = 15.0.28307.852
MinimumVisualStudioVersion = 10.0.40219.1
Project("{FAE04EC0-301F-11D3-BF4B-00C04F79EFBC}") = "fatura", "fatura\fatura.csproj", "{31A53851-5D0B-4DF2-BCD8-52993BC38660}"
EndProject
Global
	GlobalSection(SolutionConfigurationPlatforms) = preSolution
		Debug|Any CPU = Debug|Any CPU
		Release|Any CPU = Release|Any CPU
	EndGlobalSection
	GlobalSection(ProjectConfigurationPlatforms) = postSolution
		{31A53851-5D0B-4DF2-BCD8-52993BC38660}.Debug|Any CPU.ActiveCfg = Debug|Any CPU
		{31A53851-5D0B-4DF2-BCD8-52993BC38660}.Debug|Any CPU.Build.0 = Debug|Any CPU
		{31A53851-5D0B-4DF2-BCD8-52993BC38660}.Release|Any CPU.ActiveCfg = Release|Any CPU
		{31A53851-5D0B-4DF2-BCD8-52993BC38660}.Release|Any CPU.Build.0 = Release|Any CPU
	EndGlobalSection
	GlobalSection(SolutionProperties) = preSolution
		HideSolutionNode = FALSE
	EndGlobalSection
	GlobalSection(ExtensibilityGlobals) = postSolution
		SolutionGuid = {DAEEBE92-F44E-4297-B901-90053F40C556}
	EndGlobalSection
EndGlobal
